<?xml version="1.0" encoding="utf-8"?>
<Project ToolsVersion="4.0" xmlns="http://schemas.microsoft.com/developer/msbuild/2003">
  <ItemGroup>
    <Filter Include="Source Files">
      <UniqueIdentifier>{4FC737F1-C7A5-4376-A066-2A32D752A2FF}</UniqueIdentifier>
      <Extensions>cpp;c;cc;cxx;c++;cppm;ixx;def;odl;idl;hpj;bat;asm;asmx</Extensions>
    </Filter>
    <Filter Include="Header Files">
      <UniqueIdentifier>{93995380-89BD-4b04-88EB-625FBE52EBFB}</UniqueIdentifier>
      <Extensions>h;hh;hpp;hxx;h++;hm;inl;inc;ipp;xsd</Extensions>
    </Filter>
    <Filter Include="Resource Files">
      <UniqueIdentifier>{67DA6AB6-F800-4c08-8B7A-83BB121AAD01}</UniqueIdentifier>
      <Extensions>rc;ico;cur;bmp;dlg;rc2;rct;bin;rgs;gif;jpg;jpeg;jpe;resx;tiff;tif;png;wav;mfcribbon-ms</Extensions>
    </Filter>
    <Filter Include="Header Files\core">
      <UniqueIdentifier>{03ac5d38-92f7-4b37-ac56-2d9e083a956a}</UniqueIdentifier>
    </Filter>
    <Filter Include="Source Files\core">
      <UniqueIdentifier>{1c6121d2-83c1-4cb6-a9eb-86bafe6a0d54}</UniqueIdentifier>
    </Filter>
    <Filter Include="Header Files\Utils">
      <UniqueIdentifier>{704eb02a-3400-4736-a152-ca0369ab4721}</UniqueIdentifier>
    </Filter>
    <Filter Include="Source Files\Utils">
      <UniqueIdentifier>{9a623f52-efb4-47a8-a0aa-15b09ccca320}</UniqueIdentifier>
    </Filter>
    <Filter Include="Header Files\InputProcessing">
      <UniqueIdentifier>{69a3057a-6cb6-4eec-88e4-614205bf68ed}</UniqueIdentifier>
    </Filter>
    <Filter Include="Source Files\InputProcessing">
      <UniqueIdentifier>{4ddc6755-6447-4a98-8b71-9fa204fa87d2}</UniqueIdentifier>
    </Filter>
    <Filter Include="Header Files\core\Metrics">
      <UniqueIdentifier>{40238fc4-bf3d-463f-b161-2115bd2ba47e}</UniqueIdentifier>
    </Filter>
    <Filter Include="Source Files\core\Metrics">
      <UniqueIdentifier>{d65b7be9-27a8-45b1-8159-0a73e8b627a4}</UniqueIdentifier>
    </Filter>
    <Filter Include="Header Files\ModelZoo">
      <UniqueIdentifier>{32253992-9de3-4f61-abad-4b7441a60840}</UniqueIdentifier>
    </Filter>
    <Filter Include="Header Files\ModelZoo\UNet">
      <UniqueIdentifier>{393f26c1-29f0-414b-999f-117f5f5f64d2}</UniqueIdentifier>
    </Filter>
    <Filter Include="Source Files\ModelZoo">
      <UniqueIdentifier>{cb6b9288-a9f0-410e-b334-1f600cae954f}</UniqueIdentifier>
    </Filter>
    <Filter Include="Source Files\ModelZoo\UNet">
      <UniqueIdentifier>{a0f84281-8fe2-49d7-a235-0a77d387e03b}</UniqueIdentifier>
    </Filter>
    <Filter Include="Header Files\core\Modules">
      <UniqueIdentifier>{26dcd564-6501-44a5-a26f-71f0090996a5}</UniqueIdentifier>
    </Filter>
    <Filter Include="Header Files\core\Modules\LossFunctions">
      <UniqueIdentifier>{7cdb44af-5e98-4a91-bbe8-d339601ee3ff}</UniqueIdentifier>
    </Filter>
    <Filter Include="Header Files\InputProcessing\InputLoaders">
      <UniqueIdentifier>{4f897757-0583-4bc3-b254-d11061714745}</UniqueIdentifier>
    </Filter>
    <Filter Include="Source Files\InputProcessing\InputLoaders">
      <UniqueIdentifier>{7909850c-48b3-420a-b916-81313210ddf6}</UniqueIdentifier>
    </Filter>
    <Filter Include="Header Files\core\Snapshot">
      <UniqueIdentifier>{a8335690-8888-4516-a996-640b5f0033d2}</UniqueIdentifier>
    </Filter>
    <Filter Include="Source Files\core\Snapshot">
      <UniqueIdentifier>{fe834689-95e8-47de-9a75-5d03fdbb5389}</UniqueIdentifier>
    </Filter>
    <Filter Include="Header Files\ModelZoo\U2Net">
      <UniqueIdentifier>{03c44e62-1b94-46b2-a461-3e460e525f1c}</UniqueIdentifier>
    </Filter>
    <Filter Include="Source Files\ModelZoo\U2Net">
      <UniqueIdentifier>{448da00d-d00a-4997-a484-7bfcebe36dc2}</UniqueIdentifier>
    </Filter>
    <Filter Include="Header Files\ModelZoo\SimVPv2">
      <UniqueIdentifier>{6ac9ef34-16df-4f5a-998e-1e0ff9b0b5ea}</UniqueIdentifier>
    </Filter>
    <Filter Include="Source Files\ModelZoo\SimVPv2">
      <UniqueIdentifier>{fca33d05-ff63-4f1b-b640-0c4b0ffe647d}</UniqueIdentifier>
    </Filter>
    <Filter Include="Header Files\core\Modules\WeightsInit">
      <UniqueIdentifier>{d5eabaff-667b-472b-a635-c34875a25766}</UniqueIdentifier>
    </Filter>
    <Filter Include="Source Files\core\Modules">
      <UniqueIdentifier>{515d8eb7-8248-4ca5-ac30-b96587640b3e}</UniqueIdentifier>
    </Filter>
    <Filter Include="Source Files\core\Modules\WeightsInit">
      <UniqueIdentifier>{77aaae97-0b87-4fdd-a181-0a8e36a0a9ca}</UniqueIdentifier>
    </Filter>
    <Filter Include="Header Files\CustomScenarios">
      <UniqueIdentifier>{40b5e957-ac7b-4045-b834-d9017beff680}</UniqueIdentifier>
    </Filter>
    <Filter Include="Source Files\CustomScenarios">
      <UniqueIdentifier>{dde2a4d9-f0de-4f12-a846-b9ddba8b2d10}</UniqueIdentifier>
    </Filter>
    <Filter Include="Source Files\CustomScenarios\MrmsDatasetTraining">
      <UniqueIdentifier>{58734e03-5159-499f-9e28-14866279dfec}</UniqueIdentifier>
    </Filter>
    <Filter Include="Header Files\CustomScenarios\MrmsDatasetTraining">
      <UniqueIdentifier>{6736f769-18f4-4d41-a400-119bcecb482c}</UniqueIdentifier>
    </Filter>
    <Filter Include="Source Files\CustomScenarios\U2NetTraining">
      <UniqueIdentifier>{079481ac-2891-4f06-9dbd-6c636796b1c7}</UniqueIdentifier>
    </Filter>
    <Filter Include="Header Files\CustomScenarios\U2NetTraining">
      <UniqueIdentifier>{b966d226-16c8-4e67-885c-248296ffad2a}</UniqueIdentifier>
    </Filter>
    <Filter Include="Source Files\CustomScenarios\UNetTraining">
      <UniqueIdentifier>{e820bec7-f216-4a4a-9669-ef625434b9e6}</UniqueIdentifier>
    </Filter>
    <Filter Include="Header Files\CustomScenarios\UNetTraining">
      <UniqueIdentifier>{1a442d2d-e379-41a3-b6e1-a1b3e7d3e1d7}</UniqueIdentifier>
    </Filter>
  </ItemGroup>
  <ItemGroup>
    <ClCompile Include="main.cpp">
      <Filter>Source Files</Filter>
    </ClCompile>
    <ClCompile Include="InputProcessing\DefaultDataset.cpp">
      <Filter>Source Files\InputProcessing</Filter>
    </ClCompile>
    <ClCompile Include="InputProcessing\InputLoader.cpp">
      <Filter>Source Files\InputProcessing</Filter>
    </ClCompile>
    <ClCompile Include="InputProcessing\InputLoadersWrapper.cpp">
      <Filter>Source Files\InputProcessing</Filter>
    </ClCompile>
    <ClCompile Include="core\Trainer.cpp">
      <Filter>Source Files\core</Filter>
    </ClCompile>
    <ClCompile Include="core\Runner.cpp">
      <Filter>Source Files\core</Filter>
    </ClCompile>
    <ClCompile Include="core\AbstractModel.cpp">
      <Filter>Source Files\core</Filter>
    </ClCompile>
    <ClCompile Include="core\Metrics\MetricsDefault.cpp">
      <Filter>Source Files\core\Metrics</Filter>
    </ClCompile>
    <ClCompile Include="core\Metrics\MetricsImage.cpp">
      <Filter>Source Files\core\Metrics</Filter>
    </ClCompile>
    <ClCompile Include="Utils\TorchImageUtils.cpp">
      <Filter>Source Files\Utils</Filter>
    </ClCompile>
    <ClCompile Include="PerformanceSettings.cpp">
      <Filter>Source Files</Filter>
    </ClCompile>
    <ClCompile Include="ModelZoo\UNet\UNetModel.cpp">
      <Filter>Source Files\ModelZoo\UNet</Filter>
    </ClCompile>
    <ClCompile Include="InputProcessing\InputLoaders\SegmentationInputLoader.cpp">
      <Filter>Source Files\InputProcessing\InputLoaders</Filter>
    </ClCompile>
    <ClCompile Include="Utils\ProgressBar.cpp">
      <Filter>Source Files\Utils</Filter>
    </ClCompile>
    <ClCompile Include="core\Snapshot\PretrainedManager.cpp">
      <Filter>Source Files\core\Snapshot</Filter>
    </ClCompile>
    <ClCompile Include="core\Snapshot\SnapshotLoader.cpp">
      <Filter>Source Files\core\Snapshot</Filter>
    </ClCompile>
    <ClCompile Include="core\Snapshot\SnapshotSaver.cpp">
      <Filter>Source Files\core\Snapshot</Filter>
    </ClCompile>
    <ClCompile Include="ModelZoo\U2Net\U2NetModel.cpp">
      <Filter>Source Files\ModelZoo\U2Net</Filter>
    </ClCompile>
    <ClCompile Include="ModelZoo\SimVPv2\modules.cpp">
      <Filter>Source Files\ModelZoo\SimVPv2</Filter>
    </ClCompile>
    <ClCompile Include="core\Modules\WeightsInit\TruncatedNormalInit.cpp">
      <Filter>Source Files\core\Modules\WeightsInit</Filter>
    </ClCompile>
    <ClCompile Include="ModelZoo\SimVPv2\SimVPv2Model.cpp">
      <Filter>Source Files\ModelZoo\SimVPv2</Filter>
    </ClCompile>
    <ClCompile Include="InputProcessing\InputLoaders\VideoSequenceInputLoader.cpp">
      <Filter>Source Files\InputProcessing\InputLoaders</Filter>
    </ClCompile>
    <ClCompile Include="CustomScenarios\MrmsDatasetTraining\setup_mrms.cpp">
      <Filter>Source Files\CustomScenarios\MrmsDatasetTraining</Filter>
    </ClCompile>
    <ClCompile Include="CustomScenarios\MrmsDatasetTraining\MrmsInputLoader.cpp">
      <Filter>Source Files\CustomScenarios\MrmsDatasetTraining</Filter>
    </ClCompile>
    <ClCompile Include="Utils\TrainingHelper.cpp">
      <Filter>Source Files\Utils</Filter>
    </ClCompile>
    <ClCompile Include="CustomScenarios\U2NetTraining\setup_u2net.cpp">
      <Filter>Source Files\CustomScenarios\U2NetTraining</Filter>
    </ClCompile>
    <ClCompile Include="CustomScenarios\UNetTraining\setup_unet.cpp">
      <Filter>Source Files\CustomScenarios\UNetTraining</Filter>
    </ClCompile>
  </ItemGroup>
  <ItemGroup>
    <ClInclude Include="InputProcessing\DefaultDataset.h">
      <Filter>Header Files\InputProcessing</Filter>
    </ClInclude>
    <ClInclude Include="InputProcessing\InputLoader.h">
      <Filter>Header Files\InputProcessing</Filter>
    </ClInclude>
    <ClInclude Include="InputProcessing\DataLoaderData.h">
      <Filter>Header Files\InputProcessing</Filter>
    </ClInclude>
    <ClInclude Include="InputProcessing\InputLoadersWrapper.h">
      <Filter>Header Files\InputProcessing</Filter>
    </ClInclude>
    <ClInclude Include="Utils\TorchUtils.h">
      <Filter>Header Files\Utils</Filter>
    </ClInclude>
    <ClInclude Include="core\Trainer.h">
      <Filter>Header Files\core</Filter>
    </ClInclude>
    <ClInclude Include="core\Runner.h">
      <Filter>Header Files\core</Filter>
    </ClInclude>
    <ClInclude Include="Settings.h">
      <Filter>Header Files</Filter>
    </ClInclude>
    <ClInclude Include="core\AbstractModel.h">
      <Filter>Header Files\core</Filter>
    </ClInclude>
    <ClInclude Include="core\Metrics\MetricsDefault.h">
      <Filter>Header Files\core\Metrics</Filter>
    </ClInclude>
    <ClInclude Include="core\Metrics\MetricsImage.h">
      <Filter>Header Files\core\Metrics</Filter>
    </ClInclude>
    <ClInclude Include="Utils\TorchImageUtils.h">
      <Filter>Header Files\Utils</Filter>
    </ClInclude>
    <ClInclude Include="PerformanceSettings.h">
      <Filter>Header Files</Filter>
    </ClInclude>
    <ClInclude Include="ModelZoo\UNet\UNetModel.h">
      <Filter>Header Files\ModelZoo\UNet</Filter>
    </ClInclude>
    <ClInclude Include="core\Modules\UpSample2d.h">
      <Filter>Header Files\core\Modules</Filter>
    </ClInclude>
    <ClInclude Include="core\Modules\LossFunctions\DiceLoss.h">
      <Filter>Header Files\core\Modules\LossFunctions</Filter>
    </ClInclude>
    <ClInclude Include="InputProcessing\InputLoaders\SegmentationInputLoader.h">
      <Filter>Header Files\InputProcessing\InputLoaders</Filter>
    </ClInclude>
    <ClInclude Include="Utils\ProgressBar.h">
      <Filter>Header Files\Utils</Filter>
    </ClInclude>
    <ClInclude Include="core\Snapshot\PretrainedManager.h">
      <Filter>Header Files\core\Snapshot</Filter>
    </ClInclude>
    <ClInclude Include="core\Snapshot\FreezeInfo.h">
      <Filter>Header Files\core\Snapshot</Filter>
    </ClInclude>
    <ClInclude Include="core\Snapshot\SnapshotLoader.h">
      <Filter>Header Files\core\Snapshot</Filter>
    </ClInclude>
    <ClInclude Include="core\Snapshot\SnapshotSaver.h">
      <Filter>Header Files\core\Snapshot</Filter>
    </ClInclude>
    <ClInclude Include="core\Structures.h">
      <Filter>Header Files\core</Filter>
    </ClInclude>
    <ClInclude Include="Utils\TrainingHelper.h">
      <Filter>Header Files\Utils</Filter>
    </ClInclude>
    <ClInclude Include="core\Modules\gradscaler.hpp">
      <Filter>Header Files\core\Modules</Filter>
    </ClInclude>
    <ClInclude Include="core\Metrics\PredictionEvaluators.h">
      <Filter>Header Files\core\Metrics</Filter>
    </ClInclude>
    <ClInclude Include="ModelZoo\U2Net\U2NetModel.h">
      <Filter>Header Files\ModelZoo\U2Net</Filter>
    </ClInclude>
    <ClInclude Include="core\Modules\LossFunctions\MultiBceLoss.h">
      <Filter>Header Files\core\Modules\LossFunctions</Filter>
    </ClInclude>
    <ClInclude Include="ModelZoo\SimVPv2\modules.h">
      <Filter>Header Files\ModelZoo\SimVPv2</Filter>
    </ClInclude>
    <ClInclude Include="core\Modules\WeightsInit\TruncatedNormalInit.h">
      <Filter>Header Files\core\Modules\WeightsInit</Filter>
    </ClInclude>
    <ClInclude Include="ModelZoo\SimVPv2\SimVPv2Model.h">
      <Filter>Header Files\ModelZoo\SimVPv2</Filter>
    </ClInclude>
    <ClInclude Include="core\Modules\DownSample2d.h">
      <Filter>Header Files\core\Modules</Filter>
    </ClInclude>
    <ClInclude Include="InputProcessing\InputLoaders\VideoSequenceInputLoader.h">
      <Filter>Header Files\InputProcessing\InputLoaders</Filter>
    </ClInclude>
    <ClInclude Include="CustomScenarios\MrmsDatasetTraining\setup_mrms.h">
      <Filter>Header Files\CustomScenarios\MrmsDatasetTraining</Filter>
    </ClInclude>
    <ClInclude Include="CustomScenarios\MrmsDatasetTraining\MrmsInputLoader.h">
      <Filter>Header Files\CustomScenarios\MrmsDatasetTraining</Filter>
    </ClInclude>
    <ClInclude Include="CustomScenarios\U2NetTraining\setup_u2net.h">
      <Filter>Header Files\CustomScenarios\U2NetTraining</Filter>
    </ClInclude>
    <ClInclude Include="CustomScenarios\UNetTraining\setup_unet.h">
      <Filter>Header Files\CustomScenarios\UNetTraining</Filter>
    </ClInclude>
  </ItemGroup>
  <ItemGroup>
    <Natvis Include="Libtorch.natvis">
      <Filter>Resource Files</Filter>
    </Natvis>
  </ItemGroup>
</Project>