
Microsoft Visual Studio Solution File, Format Version 12.00
# Visual Studio Version 17
VisualStudioVersion = 17.14.36401.2
MinimumVisualStudioVersion = 10.0.40219.1
Project("{8BC9CEB8-8B4A-11D0-8D11-00A0C91BC942}") = "LibTorchFramework", "LibTorchFramework\LibTorchFramework.vcxproj", "{D7543299-290F-4F1F-A42B-1892A05FDEB2}"
	ProjectSection(ProjectDependencies) = postProject
		{7A639B11-1BF9-498C-AD30-7F9BD03F27E7} = {7A639B11-1BF9-498C-AD30-7F9BD03F27E7}
	EndProjectSection
EndProject
Project("{8BC9CEB8-8B4A-11D0-8D11-00A0C91BC942}") = "Playground", "D:\Martin\Programming\test\Playground\Playground\Playground.vcxproj", "{7A639B11-1BF9-498C-AD30-7F9BD03F27E7}"
EndProject
Global
	GlobalSection(SolutionConfigurationPlatforms) = preSolution
		Debug|x64 = Debug|x64
		Debug|x86 = Debug|x86
		Release|x64 = Release|x64
		Release|x86 = Release|x86
	EndGlobalSection
	GlobalSection(ProjectConfigurationPlatforms) = postSolution
		{D7543299-290F-4F1F-A42B-1892A05FDEB2}.Debug|x64.ActiveCfg = Debug|x64
		{D7543299-290F-4F1F-A42B-1892A05FDEB2}.Debug|x64.Build.0 = Debug|x64
		{D7543299-290F-4F1F-A42B-1892A05FDEB2}.Debug|x86.ActiveCfg = Debug|x64
		{D7543299-290F-4F1F-A42B-1892A05FDEB2}.Release|x64.ActiveCfg = Release|x64
		{D7543299-290F-4F1F-A42B-1892A05FDEB2}.Release|x64.Build.0 = Release|x64
		{D7543299-290F-4F1F-A42B-1892A05FDEB2}.Release|x86.ActiveCfg = Release|x64
		{7A639B11-1BF9-498C-AD30-7F9BD03F27E7}.Debug|x64.ActiveCfg = Debug_lib_md|x64
		{7A639B11-1BF9-498C-AD30-7F9BD03F27E7}.Debug|x64.Build.0 = Debug_lib_md|x64
		{7A639B11-1BF9-498C-AD30-7F9BD03F27E7}.Debug|x86.ActiveCfg = Debug|Win32
		{7A639B11-1BF9-498C-AD30-7F9BD03F27E7}.Debug|x86.Build.0 = Debug|Win32
		{7A639B11-1BF9-498C-AD30-7F9BD03F27E7}.Release|x64.ActiveCfg = Release_lib_md|x64
		{7A639B11-1BF9-498C-AD30-7F9BD03F27E7}.Release|x64.Build.0 = Release_lib_md|x64
		{7A639B11-1BF9-498C-AD30-7F9BD03F27E7}.Release|x86.ActiveCfg = Release|Win32
		{7A639B11-1BF9-498C-AD30-7F9BD03F27E7}.Release|x86.Build.0 = Release|Win32
	EndGlobalSection
	GlobalSection(SolutionProperties) = preSolution
		HideSolutionNode = FALSE
	EndGlobalSection
	GlobalSection(ExtensibilityGlobals) = postSolution
		SolutionGuid = {C97A2C34-3688-440E-BF86-CFCB0F203C36}
	EndGlobalSection
EndGlobal
